
Microsoft Visual Studio Solution File, Format Version 12.00
# Visual Studio Version 16
VisualStudioVersion = 16.0.31702.278
MinimumVisualStudioVersion = 10.0.40219.1
Project("{FAE04EC0-301F-11D3-BF4B-00C04F79EFBC}") = "CaseStudy.Api", "CaseStudy.Api\CaseStudy.Api.csproj", "{030215EE-A54C-4F4D-BEAC-1BB643BCDC3A}"
EndProject
Project("{FAE04EC0-301F-11D3-BF4B-00C04F79EFBC}") = "CaseStudy.ApiTests", "CaseStudy.ApiTests\CaseStudy.ApiTests.csproj", "{4FB21D6A-3C1B-4F8F-A900-FD0EA8EC23F0}"
EndProject
Global
	GlobalSection(SolutionConfigurationPlatforms) = preSolution
		Debug|Any CPU = Debug|Any CPU
		Release|Any CPU = Release|Any CPU
	EndGlobalSection
	GlobalSection(ProjectConfigurationPlatforms) = postSolution
		{030215EE-A54C-4F4D-BEAC-1BB643BCDC3A}.Debug|Any CPU.ActiveCfg = Debug|Any CPU
		{030215EE-A54C-4F4D-BEAC-1BB643BCDC3A}.Debug|Any CPU.Build.0 = Debug|Any CPU
		{030215EE-A54C-4F4D-BEAC-1BB643BCDC3A}.Release|Any CPU.ActiveCfg = Release|Any CPU
		{030215EE-A54C-4F4D-BEAC-1BB643BCDC3A}.Release|Any CPU.Build.0 = Release|Any CPU
		{4FB21D6A-3C1B-4F8F-A900-FD0EA8EC23F0}.Debug|Any CPU.ActiveCfg = Debug|Any CPU
		{4FB21D6A-3C1B-4F8F-A900-FD0EA8EC23F0}.Debug|Any CPU.Build.0 = Debug|Any CPU
		{4FB21D6A-3C1B-4F8F-A900-FD0EA8EC23F0}.Release|Any CPU.ActiveCfg = Release|Any CPU
		{4FB21D6A-3C1B-4F8F-A900-FD0EA8EC23F0}.Release|Any CPU.Build.0 = Release|Any CPU
	EndGlobalSection
	GlobalSection(SolutionProperties) = preSolution
		HideSolutionNode = FALSE
	EndGlobalSection
	GlobalSection(ExtensibilityGlobals) = postSolution
		SolutionGuid = {D0796187-AE55-44A9-840B-25EBBCD4AB45}
	EndGlobalSection
EndGlobal
